
Microsoft Visual Studio Solution File, Format Version 12.00
# Visual Studio Version 16
VisualStudioVersion = 16.0.29201.188
MinimumVisualStudioVersion = 10.0.40219.1
Project("{2150E333-8FDC-42A3-9474-1A3956D46DE8}") = "01.- Web", "01.- Web", "{CB14062F-7F3E-42CA-99FB-7FE42DFB9828}"
EndProject
Project("{2150E333-8FDC-42A3-9474-1A3956D46DE8}") = "02.- Core", "02.- Core", "{38C86CAA-CA3E-4F1C-B00F-16E5691A17E0}"
EndProject
Project("{2150E333-8FDC-42A3-9474-1A3956D46DE8}") = "03.- Security", "03.- Security", "{4C163E22-CF7F-455A-81D2-C0845A5E8927}"
EndProject
Project("{2150E333-8FDC-42A3-9474-1A3956D46DE8}") = "01.- API", "01.- API", "{BE450BB6-4AD6-4629-B172-060D1A6080D6}"
EndProject
Project("{2150E333-8FDC-42A3-9474-1A3956D46DE8}") = "02.- Data", "02.- Data", "{41B5426B-9E78-4827-95E9-8C1F023E9E97}"
EndProject
Project("{9A19103F-16F7-4668-BE54-9A1E7A4F7556}") = "BSOFT.Security.Models", "BSOFT.Security.Models\BSOFT.Security.Models.csproj", "{368F77FB-FA4B-403D-9646-C05EEE3D7D9E}"
EndProject
Project("{9A19103F-16F7-4668-BE54-9A1E7A4F7556}") = "BSOFT.Security.DataAccess", "BSOFT.Security.DataAccess\BSOFT.Security.DataAccess.csproj", "{437C9725-D93F-4465-A17F-E00C877580BA}"
EndProject
Project("{9A19103F-16F7-4668-BE54-9A1E7A4F7556}") = "BSOFT.Security.Business", "BSOFT.Security.Business\BSOFT.Security.Business.csproj", "{4824D7FD-F4C7-467A-8B69-379EECFDFF4F}"
EndProject
Project("{9A19103F-16F7-4668-BE54-9A1E7A4F7556}") = "BSOFT.Security.API", "BSOFT.Security.API\BSOFT.Security.API.csproj", "{68F9F243-D580-4F7D-99E1-D6730F691342}"
EndProject
Project("{2150E333-8FDC-42A3-9474-1A3956D46DE8}") = "01.- API", "01.- API", "{5690D937-9D64-480C-BB59-CB64DF94CEAA}"
EndProject
Project("{2150E333-8FDC-42A3-9474-1A3956D46DE8}") = "02.- Data", "02.- Data", "{25FBD29B-2568-40BB-AD6F-F1239AA0C7E2}"
EndProject
Project("{9A19103F-16F7-4668-BE54-9A1E7A4F7556}") = "BSoft.Core.Models", "BSoft.Core.Models\BSoft.Core.Models.csproj", "{DCBC1BB9-6377-4614-8698-5F8D17FAA8E8}"
EndProject
Project("{9A19103F-16F7-4668-BE54-9A1E7A4F7556}") = "BSoft.Core.DataAccess", "BSoft.Core.DataAccess\BSoft.Core.DataAccess.csproj", "{02113E53-937D-4932-8258-13B109A000E6}"
EndProject
Project("{9A19103F-16F7-4668-BE54-9A1E7A4F7556}") = "BSoft.Core.Business", "BSoft.Core.Business\BSoft.Core.Business.csproj", "{A32B4726-BC4F-4554-BCC2-AACA0F1372D5}"
EndProject
Project("{9A19103F-16F7-4668-BE54-9A1E7A4F7556}") = "BSoft.Core.API", "BSoft.Core.API\BSoft.Core.API.csproj", "{854C6B0F-3629-46BA-AC7E-E99C14652764}"
EndProject
Project("{2150E333-8FDC-42A3-9474-1A3956D46DE8}") = "03.- Proxy", "03.- Proxy", "{A3EEB412-3AF4-490B-A1F0-2322FAFA496A}"
EndProject
Project("{FAE04EC0-301F-11D3-BF4B-00C04F79EFBC}") = "BSOFT.Core.Proxy", "BSOFT.Core.Proxy\BSOFT.Core.Proxy.csproj", "{0A92336B-27F7-4799-BC04-D211B69F4AAC}"
EndProject
Global
	GlobalSection(SolutionConfigurationPlatforms) = preSolution
		Debug|Any CPU = Debug|Any CPU
		Release|Any CPU = Release|Any CPU
	EndGlobalSection
	GlobalSection(ProjectConfigurationPlatforms) = postSolution
		{368F77FB-FA4B-403D-9646-C05EEE3D7D9E}.Debug|Any CPU.ActiveCfg = Debug|Any CPU
		{368F77FB-FA4B-403D-9646-C05EEE3D7D9E}.Debug|Any CPU.Build.0 = Debug|Any CPU
		{368F77FB-FA4B-403D-9646-C05EEE3D7D9E}.Release|Any CPU.ActiveCfg = Release|Any CPU
		{368F77FB-FA4B-403D-9646-C05EEE3D7D9E}.Release|Any CPU.Build.0 = Release|Any CPU
		{437C9725-D93F-4465-A17F-E00C877580BA}.Debug|Any CPU.ActiveCfg = Debug|Any CPU
		{437C9725-D93F-4465-A17F-E00C877580BA}.Debug|Any CPU.Build.0 = Debug|Any CPU
		{437C9725-D93F-4465-A17F-E00C877580BA}.Release|Any CPU.ActiveCfg = Release|Any CPU
		{437C9725-D93F-4465-A17F-E00C877580BA}.Release|Any CPU.Build.0 = Release|Any CPU
		{4824D7FD-F4C7-467A-8B69-379EECFDFF4F}.Debug|Any CPU.ActiveCfg = Debug|Any CPU
		{4824D7FD-F4C7-467A-8B69-379EECFDFF4F}.Debug|Any CPU.Build.0 = Debug|Any CPU
		{4824D7FD-F4C7-467A-8B69-379EECFDFF4F}.Release|Any CPU.ActiveCfg = Release|Any CPU
		{4824D7FD-F4C7-467A-8B69-379EECFDFF4F}.Release|Any CPU.Build.0 = Release|Any CPU
		{68F9F243-D580-4F7D-99E1-D6730F691342}.Debug|Any CPU.ActiveCfg = Debug|Any CPU
		{68F9F243-D580-4F7D-99E1-D6730F691342}.Debug|Any CPU.Build.0 = Debug|Any CPU
		{68F9F243-D580-4F7D-99E1-D6730F691342}.Release|Any CPU.ActiveCfg = Release|Any CPU
		{68F9F243-D580-4F7D-99E1-D6730F691342}.Release|Any CPU.Build.0 = Release|Any CPU
		{DCBC1BB9-6377-4614-8698-5F8D17FAA8E8}.Debug|Any CPU.ActiveCfg = Debug|Any CPU
		{DCBC1BB9-6377-4614-8698-5F8D17FAA8E8}.Debug|Any CPU.Build.0 = Debug|Any CPU
		{DCBC1BB9-6377-4614-8698-5F8D17FAA8E8}.Release|Any CPU.ActiveCfg = Release|Any CPU
		{DCBC1BB9-6377-4614-8698-5F8D17FAA8E8}.Release|Any CPU.Build.0 = Release|Any CPU
		{02113E53-937D-4932-8258-13B109A000E6}.Debug|Any CPU.ActiveCfg = Debug|Any CPU
		{02113E53-937D-4932-8258-13B109A000E6}.Debug|Any CPU.Build.0 = Debug|Any CPU
		{02113E53-937D-4932-8258-13B109A000E6}.Release|Any CPU.ActiveCfg = Release|Any CPU
		{02113E53-937D-4932-8258-13B109A000E6}.Release|Any CPU.Build.0 = Release|Any CPU
		{A32B4726-BC4F-4554-BCC2-AACA0F1372D5}.Debug|Any CPU.ActiveCfg = Debug|Any CPU
		{A32B4726-BC4F-4554-BCC2-AACA0F1372D5}.Debug|Any CPU.Build.0 = Debug|Any CPU
		{A32B4726-BC4F-4554-BCC2-AACA0F1372D5}.Release|Any CPU.ActiveCfg = Release|Any CPU
		{A32B4726-BC4F-4554-BCC2-AACA0F1372D5}.Release|Any CPU.Build.0 = Release|Any CPU
		{854C6B0F-3629-46BA-AC7E-E99C14652764}.Debug|Any CPU.ActiveCfg = Debug|Any CPU
		{854C6B0F-3629-46BA-AC7E-E99C14652764}.Debug|Any CPU.Build.0 = Debug|Any CPU
		{854C6B0F-3629-46BA-AC7E-E99C14652764}.Release|Any CPU.ActiveCfg = Release|Any CPU
		{854C6B0F-3629-46BA-AC7E-E99C14652764}.Release|Any CPU.Build.0 = Release|Any CPU
		{0A92336B-27F7-4799-BC04-D211B69F4AAC}.Debug|Any CPU.ActiveCfg = Debug|Any CPU
		{0A92336B-27F7-4799-BC04-D211B69F4AAC}.Debug|Any CPU.Build.0 = Debug|Any CPU
		{0A92336B-27F7-4799-BC04-D211B69F4AAC}.Release|Any CPU.ActiveCfg = Release|Any CPU
		{0A92336B-27F7-4799-BC04-D211B69F4AAC}.Release|Any CPU.Build.0 = Release|Any CPU
	EndGlobalSection
	GlobalSection(SolutionProperties) = preSolution
		HideSolutionNode = FALSE
	EndGlobalSection
	GlobalSection(NestedProjects) = preSolution
		{BE450BB6-4AD6-4629-B172-060D1A6080D6} = {4C163E22-CF7F-455A-81D2-C0845A5E8927}
		{41B5426B-9E78-4827-95E9-8C1F023E9E97} = {4C163E22-CF7F-455A-81D2-C0845A5E8927}
		{368F77FB-FA4B-403D-9646-C05EEE3D7D9E} = {41B5426B-9E78-4827-95E9-8C1F023E9E97}
		{437C9725-D93F-4465-A17F-E00C877580BA} = {41B5426B-9E78-4827-95E9-8C1F023E9E97}
		{4824D7FD-F4C7-467A-8B69-379EECFDFF4F} = {41B5426B-9E78-4827-95E9-8C1F023E9E97}
		{68F9F243-D580-4F7D-99E1-D6730F691342} = {BE450BB6-4AD6-4629-B172-060D1A6080D6}
		{5690D937-9D64-480C-BB59-CB64DF94CEAA} = {38C86CAA-CA3E-4F1C-B00F-16E5691A17E0}
		{25FBD29B-2568-40BB-AD6F-F1239AA0C7E2} = {38C86CAA-CA3E-4F1C-B00F-16E5691A17E0}
		{DCBC1BB9-6377-4614-8698-5F8D17FAA8E8} = {25FBD29B-2568-40BB-AD6F-F1239AA0C7E2}
		{02113E53-937D-4932-8258-13B109A000E6} = {25FBD29B-2568-40BB-AD6F-F1239AA0C7E2}
		{A32B4726-BC4F-4554-BCC2-AACA0F1372D5} = {25FBD29B-2568-40BB-AD6F-F1239AA0C7E2}
		{854C6B0F-3629-46BA-AC7E-E99C14652764} = {5690D937-9D64-480C-BB59-CB64DF94CEAA}
		{A3EEB412-3AF4-490B-A1F0-2322FAFA496A} = {38C86CAA-CA3E-4F1C-B00F-16E5691A17E0}
		{0A92336B-27F7-4799-BC04-D211B69F4AAC} = {A3EEB412-3AF4-490B-A1F0-2322FAFA496A}
	EndGlobalSection
	GlobalSection(ExtensibilityGlobals) = postSolution
		SolutionGuid = {CC27D753-25A1-46C8-893F-E4A291DEB466}
	EndGlobalSection
EndGlobal
